
Microsoft Visual Studio Solution File, Format Version 12.00
# Visual Studio 15
VisualStudioVersion = 15.0.27703.2035
MinimumVisualStudioVersion = 10.0.40219.1
Project("{9092AA53-FB77-4645-B42D-1CCCA6BD08BD}") = "azurenode", "azurenode\azurenode.njsproj", "{3153EBAA-18FF-43D1-9F8F-B20A62593CDF}"
EndProject
Global
	GlobalSection(SolutionConfigurationPlatforms) = preSolution
		Debug|Any CPU = Debug|Any CPU
		Release|Any CPU = Release|Any CPU
	EndGlobalSection
	GlobalSection(ProjectConfigurationPlatforms) = postSolution
		{3153EBAA-18FF-43D1-9F8F-B20A62593CDF}.Debug|Any CPU.ActiveCfg = Debug|Any CPU
		{3153EBAA-18FF-43D1-9F8F-B20A62593CDF}.Debug|Any CPU.Build.0 = Debug|Any CPU
		{3153EBAA-18FF-43D1-9F8F-B20A62593CDF}.Release|Any CPU.ActiveCfg = Release|Any CPU
		{3153EBAA-18FF-43D1-9F8F-B20A62593CDF}.Release|Any CPU.Build.0 = Release|Any CPU
	EndGlobalSection
	GlobalSection(SolutionProperties) = preSolution
		HideSolutionNode = FALSE
	EndGlobalSection
	GlobalSection(ExtensibilityGlobals) = postSolution
		SolutionGuid = {0879E99B-CD9B-4DE2-A18B-864A90E28087}
	EndGlobalSection
EndGlobal
